
Microsoft Visual Studio Solution File, Format Version 12.00
# Visual Studio Version 16
VisualStudioVersion = 16.0.31129.286
MinimumVisualStudioVersion = 10.0.40219.1
Project("{888888A0-9F3D-457C-B088-3A5042F75D52}") = "Text_Classification_TensorFlow", "Text_Classification_TensorFlow\Text_Classification_TensorFlow.pyproj", "{6FA59088-E9DA-4DFF-830F-C5F25F151240}"
EndProject
Global
	GlobalSection(SolutionConfigurationPlatforms) = preSolution
		Debug|Any CPU = Debug|Any CPU
		Release|Any CPU = Release|Any CPU
	EndGlobalSection
	GlobalSection(ProjectConfigurationPlatforms) = postSolution
		{6FA59088-E9DA-4DFF-830F-C5F25F151240}.Debug|Any CPU.ActiveCfg = Debug|Any CPU
		{6FA59088-E9DA-4DFF-830F-C5F25F151240}.Release|Any CPU.ActiveCfg = Release|Any CPU
	EndGlobalSection
	GlobalSection(SolutionProperties) = preSolution
		HideSolutionNode = FALSE
	EndGlobalSection
	GlobalSection(ExtensibilityGlobals) = postSolution
		SolutionGuid = {6185B607-CA0A-4CBD-BFB4-A6E542FA0FE7}
	EndGlobalSection
EndGlobal
