
Microsoft Visual Studio Solution File, Format Version 12.00
# Visual Studio Version 16
VisualStudioVersion = 16.0.31129.286
MinimumVisualStudioVersion = 10.0.40219.1
Project("{888888A0-9F3D-457C-B088-3A5042F75D52}") = "Regression_Tensorflow", "Regression_Tensorflow\Regression_Tensorflow.pyproj", "{AD01A234-0D9B-4582-82EB-2722B503C052}"
EndProject
Global
	GlobalSection(SolutionConfigurationPlatforms) = preSolution
		Debug|Any CPU = Debug|Any CPU
		Release|Any CPU = Release|Any CPU
	EndGlobalSection
	GlobalSection(ProjectConfigurationPlatforms) = postSolution
		{AD01A234-0D9B-4582-82EB-2722B503C052}.Debug|Any CPU.ActiveCfg = Debug|Any CPU
		{AD01A234-0D9B-4582-82EB-2722B503C052}.Release|Any CPU.ActiveCfg = Release|Any CPU
	EndGlobalSection
	GlobalSection(SolutionProperties) = preSolution
		HideSolutionNode = FALSE
	EndGlobalSection
	GlobalSection(ExtensibilityGlobals) = postSolution
		SolutionGuid = {138CE6E2-2B2B-493F-B20E-7AC31C334017}
	EndGlobalSection
EndGlobal
